
Microsoft Visual Studio Solution File, Format Version 12.00
# Visual Studio Version 16
VisualStudioVersion = 16.0.30413.136
MinimumVisualStudioVersion = 10.0.40219.1
Project("{FAE04EC0-301F-11D3-BF4B-00C04F79EFBC}") = "kutyak", "kutyak\kutyak.csproj", "{46842389-B578-4658-B566-9DEACA5060EC}"
EndProject
Global
	GlobalSection(SolutionConfigurationPlatforms) = preSolution
		Debug|Any CPU = Debug|Any CPU
		Release|Any CPU = Release|Any CPU
	EndGlobalSection
	GlobalSection(ProjectConfigurationPlatforms) = postSolution
		{46842389-B578-4658-B566-9DEACA5060EC}.Debug|Any CPU.ActiveCfg = Debug|Any CPU
		{46842389-B578-4658-B566-9DEACA5060EC}.Debug|Any CPU.Build.0 = Debug|Any CPU
		{46842389-B578-4658-B566-9DEACA5060EC}.Release|Any CPU.ActiveCfg = Release|Any CPU
		{46842389-B578-4658-B566-9DEACA5060EC}.Release|Any CPU.Build.0 = Release|Any CPU
	EndGlobalSection
	GlobalSection(SolutionProperties) = preSolution
		HideSolutionNode = FALSE
	EndGlobalSection
	GlobalSection(ExtensibilityGlobals) = postSolution
		SolutionGuid = {B7430B83-99B4-4B4D-80F9-6112AF3611EE}
	EndGlobalSection
EndGlobal
